
Microsoft Visual Studio Solution File, Format Version 12.00
# Visual Studio 15
VisualStudioVersion = 15.0.28010.2016
MinimumVisualStudioVersion = 10.0.40219.1
Project("{9A19103F-16F7-4668-BE54-9A1E7A4F7556}") = "BaseAPI", "BaseAPI\BaseAPI.csproj", "{C33E21BA-7484-4881-BA0B-107348B15B9B}"
EndProject
Project("{2150E333-8FDC-42A3-9474-1A3956D46DE8}") = "Solution Items", "Solution Items", "{BA835287-A5E8-4C6D-9715-F15E5F7D9C61}"
	ProjectSection(SolutionItems) = preProject
		README.md = README.md
	EndProjectSection
EndProject
Project("{2150E333-8FDC-42A3-9474-1A3956D46DE8}") = "Core", "Core", "{F49D554A-F43E-4EEC-BF33-3A62E10EADA3}"
EndProject
Project("{FAE04EC0-301F-11D3-BF4B-00C04F79EFBC}") = "Core.Database", "Core.Database\Core.Database.csproj", "{5BAF485B-7824-4D2A-94D4-DCFE2F474F79}"
EndProject
Project("{FAE04EC0-301F-11D3-BF4B-00C04F79EFBC}") = "Core.Common", "Core.Common\Core.Common.csproj", "{E859B833-CB04-491A-97DD-FB8160EBF307}"
EndProject
Global
	GlobalSection(SolutionConfigurationPlatforms) = preSolution
		Debug|Any CPU = Debug|Any CPU
		Release|Any CPU = Release|Any CPU
	EndGlobalSection
	GlobalSection(ProjectConfigurationPlatforms) = postSolution
		{C33E21BA-7484-4881-BA0B-107348B15B9B}.Debug|Any CPU.ActiveCfg = Debug|Any CPU
		{C33E21BA-7484-4881-BA0B-107348B15B9B}.Debug|Any CPU.Build.0 = Debug|Any CPU
		{C33E21BA-7484-4881-BA0B-107348B15B9B}.Release|Any CPU.ActiveCfg = Release|Any CPU
		{C33E21BA-7484-4881-BA0B-107348B15B9B}.Release|Any CPU.Build.0 = Release|Any CPU
		{5BAF485B-7824-4D2A-94D4-DCFE2F474F79}.Debug|Any CPU.ActiveCfg = Debug|Any CPU
		{5BAF485B-7824-4D2A-94D4-DCFE2F474F79}.Debug|Any CPU.Build.0 = Debug|Any CPU
		{5BAF485B-7824-4D2A-94D4-DCFE2F474F79}.Release|Any CPU.ActiveCfg = Release|Any CPU
		{5BAF485B-7824-4D2A-94D4-DCFE2F474F79}.Release|Any CPU.Build.0 = Release|Any CPU
		{E859B833-CB04-491A-97DD-FB8160EBF307}.Debug|Any CPU.ActiveCfg = Debug|Any CPU
		{E859B833-CB04-491A-97DD-FB8160EBF307}.Debug|Any CPU.Build.0 = Debug|Any CPU
		{E859B833-CB04-491A-97DD-FB8160EBF307}.Release|Any CPU.ActiveCfg = Release|Any CPU
		{E859B833-CB04-491A-97DD-FB8160EBF307}.Release|Any CPU.Build.0 = Release|Any CPU
	EndGlobalSection
	GlobalSection(SolutionProperties) = preSolution
		HideSolutionNode = FALSE
	EndGlobalSection
	GlobalSection(NestedProjects) = preSolution
		{C33E21BA-7484-4881-BA0B-107348B15B9B} = {BA835287-A5E8-4C6D-9715-F15E5F7D9C61}
		{5BAF485B-7824-4D2A-94D4-DCFE2F474F79} = {F49D554A-F43E-4EEC-BF33-3A62E10EADA3}
		{E859B833-CB04-491A-97DD-FB8160EBF307} = {F49D554A-F43E-4EEC-BF33-3A62E10EADA3}
	EndGlobalSection
	GlobalSection(ExtensibilityGlobals) = postSolution
		SolutionGuid = {5EDBF985-86DD-4B60-AC4E-D8438F171DF0}
	EndGlobalSection
EndGlobal
