
Microsoft Visual Studio Solution File, Format Version 12.00
# Visual Studio Version 16
VisualStudioVersion = 16.0.29519.87
MinimumVisualStudioVersion = 10.0.40219.1
Project("{2150E333-8FDC-42A3-9474-1A3956D46DE8}") = "Core", "Core", "{F49D554A-F43E-4EEC-BF33-3A62E10EADA3}"
EndProject
Project("{9A19103F-16F7-4668-BE54-9A1E7A4F7556}") = "Core.Database", "Core.Database\Core.Database.csproj", "{1949BFB8-2768-41C4-99B9-0485102BE4A8}"
EndProject
Project("{9A19103F-16F7-4668-BE54-9A1E7A4F7556}") = "Core.Common", "Core.Common\Core.Common.csproj", "{2E718F82-2D01-46AC-B9CF-FE7C72ED72D1}"
EndProject
Project("{9A19103F-16F7-4668-BE54-9A1E7A4F7556}") = "Core.Web", "Core.Web\Core.Web.csproj", "{04D5F6CF-8B18-4F33-B6AC-53D727276977}"
EndProject
Project("{9A19103F-16F7-4668-BE54-9A1E7A4F7556}") = "Core.Model", "Core.Model\Core.Model.csproj", "{DCD38AF9-8558-4DE0-AF72-4B729A3638D8}"
EndProject
Project("{2150E333-8FDC-42A3-9474-1A3956D46DE8}") = "Business", "Business", "{9F316A0B-48B5-4E77-86DF-3E26DF932F78}"
EndProject
Project("{FAE04EC0-301F-11D3-BF4B-00C04F79EFBC}") = "Todo.API", "Todo.API\Todo.API.csproj", "{44908A16-BD11-4C52-AFE4-E33EEB271AF6}"
EndProject
Global
	GlobalSection(SolutionConfigurationPlatforms) = preSolution
		Debug|Any CPU = Debug|Any CPU
		Release|Any CPU = Release|Any CPU
	EndGlobalSection
	GlobalSection(ProjectConfigurationPlatforms) = postSolution
		{1949BFB8-2768-41C4-99B9-0485102BE4A8}.Debug|Any CPU.ActiveCfg = Debug|Any CPU
		{1949BFB8-2768-41C4-99B9-0485102BE4A8}.Debug|Any CPU.Build.0 = Debug|Any CPU
		{1949BFB8-2768-41C4-99B9-0485102BE4A8}.Release|Any CPU.ActiveCfg = Release|Any CPU
		{1949BFB8-2768-41C4-99B9-0485102BE4A8}.Release|Any CPU.Build.0 = Release|Any CPU
		{2E718F82-2D01-46AC-B9CF-FE7C72ED72D1}.Debug|Any CPU.ActiveCfg = Debug|Any CPU
		{2E718F82-2D01-46AC-B9CF-FE7C72ED72D1}.Debug|Any CPU.Build.0 = Debug|Any CPU
		{2E718F82-2D01-46AC-B9CF-FE7C72ED72D1}.Release|Any CPU.ActiveCfg = Release|Any CPU
		{2E718F82-2D01-46AC-B9CF-FE7C72ED72D1}.Release|Any CPU.Build.0 = Release|Any CPU
		{04D5F6CF-8B18-4F33-B6AC-53D727276977}.Debug|Any CPU.ActiveCfg = Debug|Any CPU
		{04D5F6CF-8B18-4F33-B6AC-53D727276977}.Debug|Any CPU.Build.0 = Debug|Any CPU
		{04D5F6CF-8B18-4F33-B6AC-53D727276977}.Release|Any CPU.ActiveCfg = Release|Any CPU
		{04D5F6CF-8B18-4F33-B6AC-53D727276977}.Release|Any CPU.Build.0 = Release|Any CPU
		{DCD38AF9-8558-4DE0-AF72-4B729A3638D8}.Debug|Any CPU.ActiveCfg = Debug|Any CPU
		{DCD38AF9-8558-4DE0-AF72-4B729A3638D8}.Debug|Any CPU.Build.0 = Debug|Any CPU
		{DCD38AF9-8558-4DE0-AF72-4B729A3638D8}.Release|Any CPU.ActiveCfg = Release|Any CPU
		{DCD38AF9-8558-4DE0-AF72-4B729A3638D8}.Release|Any CPU.Build.0 = Release|Any CPU
		{44908A16-BD11-4C52-AFE4-E33EEB271AF6}.Debug|Any CPU.ActiveCfg = Debug|Any CPU
		{44908A16-BD11-4C52-AFE4-E33EEB271AF6}.Debug|Any CPU.Build.0 = Debug|Any CPU
		{44908A16-BD11-4C52-AFE4-E33EEB271AF6}.Release|Any CPU.ActiveCfg = Release|Any CPU
		{44908A16-BD11-4C52-AFE4-E33EEB271AF6}.Release|Any CPU.Build.0 = Release|Any CPU
	EndGlobalSection
	GlobalSection(SolutionProperties) = preSolution
		HideSolutionNode = FALSE
	EndGlobalSection
	GlobalSection(NestedProjects) = preSolution
		{1949BFB8-2768-41C4-99B9-0485102BE4A8} = {F49D554A-F43E-4EEC-BF33-3A62E10EADA3}
		{2E718F82-2D01-46AC-B9CF-FE7C72ED72D1} = {F49D554A-F43E-4EEC-BF33-3A62E10EADA3}
		{04D5F6CF-8B18-4F33-B6AC-53D727276977} = {F49D554A-F43E-4EEC-BF33-3A62E10EADA3}
		{DCD38AF9-8558-4DE0-AF72-4B729A3638D8} = {F49D554A-F43E-4EEC-BF33-3A62E10EADA3}
		{44908A16-BD11-4C52-AFE4-E33EEB271AF6} = {9F316A0B-48B5-4E77-86DF-3E26DF932F78}
	EndGlobalSection
	GlobalSection(ExtensibilityGlobals) = postSolution
		SolutionGuid = {5EDBF985-86DD-4B60-AC4E-D8438F171DF0}
	EndGlobalSection
EndGlobal
